
Microsoft Visual Studio Solution File, Format Version 12.00
Project("{FAE04EC0-301F-11D3-BF4B-00C04F79EFBC}") = "Client", "Client\Client.csproj", "{BCA9C139-A15A-45FA-A924-96FA9A19212D}"
EndProject
Project("{FAE04EC0-301F-11D3-BF4B-00C04F79EFBC}") = "Common", "Common\Common.csproj", "{396F997C-22D7-4E0A-B445-A6035BDBF6A3}"
EndProject
Project("{FAE04EC0-301F-11D3-BF4B-00C04F79EFBC}") = "InstaPhotoServer", "InstaPhotoServer\InstaPhotoServer.csproj", "{374D1D61-A590-4739-BAF3-0FF7A2619F28}"
EndProject
Project("{FAE04EC0-301F-11D3-BF4B-00C04F79EFBC}") = "LogsServer", "LogsServer\LogsServer.csproj", "{762022CE-5308-4053-B385-D93EDE9C8FD7}"
EndProject
Project("{FAE04EC0-301F-11D3-BF4B-00C04F79EFBC}") = "AdministrativeServer", "AdministrativeServer\AdministrativeServer.csproj", "{7C87072A-83AC-44DE-94FE-29BB9EAF9554}"
EndProject
Global
	GlobalSection(SolutionConfigurationPlatforms) = preSolution
		Debug|Any CPU = Debug|Any CPU
		Release|Any CPU = Release|Any CPU
	EndGlobalSection
	GlobalSection(ProjectConfigurationPlatforms) = postSolution
		{BCA9C139-A15A-45FA-A924-96FA9A19212D}.Debug|Any CPU.ActiveCfg = Debug|Any CPU
		{BCA9C139-A15A-45FA-A924-96FA9A19212D}.Debug|Any CPU.Build.0 = Debug|Any CPU
		{BCA9C139-A15A-45FA-A924-96FA9A19212D}.Release|Any CPU.ActiveCfg = Release|Any CPU
		{BCA9C139-A15A-45FA-A924-96FA9A19212D}.Release|Any CPU.Build.0 = Release|Any CPU
		{396F997C-22D7-4E0A-B445-A6035BDBF6A3}.Debug|Any CPU.ActiveCfg = Debug|Any CPU
		{396F997C-22D7-4E0A-B445-A6035BDBF6A3}.Debug|Any CPU.Build.0 = Debug|Any CPU
		{396F997C-22D7-4E0A-B445-A6035BDBF6A3}.Release|Any CPU.ActiveCfg = Release|Any CPU
		{396F997C-22D7-4E0A-B445-A6035BDBF6A3}.Release|Any CPU.Build.0 = Release|Any CPU
		{374D1D61-A590-4739-BAF3-0FF7A2619F28}.Debug|Any CPU.ActiveCfg = Debug|Any CPU
		{374D1D61-A590-4739-BAF3-0FF7A2619F28}.Debug|Any CPU.Build.0 = Debug|Any CPU
		{374D1D61-A590-4739-BAF3-0FF7A2619F28}.Release|Any CPU.ActiveCfg = Release|Any CPU
		{374D1D61-A590-4739-BAF3-0FF7A2619F28}.Release|Any CPU.Build.0 = Release|Any CPU
		{762022CE-5308-4053-B385-D93EDE9C8FD7}.Debug|Any CPU.ActiveCfg = Debug|Any CPU
		{762022CE-5308-4053-B385-D93EDE9C8FD7}.Debug|Any CPU.Build.0 = Debug|Any CPU
		{762022CE-5308-4053-B385-D93EDE9C8FD7}.Release|Any CPU.ActiveCfg = Release|Any CPU
		{762022CE-5308-4053-B385-D93EDE9C8FD7}.Release|Any CPU.Build.0 = Release|Any CPU
		{7C87072A-83AC-44DE-94FE-29BB9EAF9554}.Debug|Any CPU.ActiveCfg = Debug|Any CPU
		{7C87072A-83AC-44DE-94FE-29BB9EAF9554}.Debug|Any CPU.Build.0 = Debug|Any CPU
		{7C87072A-83AC-44DE-94FE-29BB9EAF9554}.Release|Any CPU.ActiveCfg = Release|Any CPU
		{7C87072A-83AC-44DE-94FE-29BB9EAF9554}.Release|Any CPU.Build.0 = Release|Any CPU
	EndGlobalSection
EndGlobal
