
Microsoft Visual Studio Solution File, Format Version 12.00
Project("{FAE04EC0-301F-11D3-BF4B-00C04F79EFBC}") = "Client", "Client\Client.csproj", "{BCA9C139-A15A-45FA-A924-96FA9A19212D}"
EndProject
Project("{FAE04EC0-301F-11D3-BF4B-00C04F79EFBC}") = "Server", "Server\Server.csproj", "{96CCED00-6CAD-428F-9483-F3975C0A0AA3}"
EndProject
Project("{FAE04EC0-301F-11D3-BF4B-00C04F79EFBC}") = "Common", "Common\Common.csproj", "{396F997C-22D7-4E0A-B445-A6035BDBF6A3}"
EndProject
Project("{FAE04EC0-301F-11D3-BF4B-00C04F79EFBC}") = "LogsServer", "LogsServer\LogsServer.csproj", "{1F393499-E2B6-476F-A93B-E90014388B9C}"
EndProject
Project("{FAE04EC0-301F-11D3-BF4B-00C04F79EFBC}") = "AdministrativeClient", "AdministrativeClient\AdministrativeClient.csproj", "{BA3EF47A-1E1F-4FDC-A59D-9516754DEDB7}"
EndProject
Global
	GlobalSection(SolutionConfigurationPlatforms) = preSolution
		Debug|Any CPU = Debug|Any CPU
		Release|Any CPU = Release|Any CPU
	EndGlobalSection
	GlobalSection(ProjectConfigurationPlatforms) = postSolution
		{BCA9C139-A15A-45FA-A924-96FA9A19212D}.Debug|Any CPU.ActiveCfg = Debug|Any CPU
		{BCA9C139-A15A-45FA-A924-96FA9A19212D}.Debug|Any CPU.Build.0 = Debug|Any CPU
		{BCA9C139-A15A-45FA-A924-96FA9A19212D}.Release|Any CPU.ActiveCfg = Release|Any CPU
		{BCA9C139-A15A-45FA-A924-96FA9A19212D}.Release|Any CPU.Build.0 = Release|Any CPU
		{96CCED00-6CAD-428F-9483-F3975C0A0AA3}.Debug|Any CPU.ActiveCfg = Debug|Any CPU
		{96CCED00-6CAD-428F-9483-F3975C0A0AA3}.Debug|Any CPU.Build.0 = Debug|Any CPU
		{96CCED00-6CAD-428F-9483-F3975C0A0AA3}.Release|Any CPU.ActiveCfg = Release|Any CPU
		{96CCED00-6CAD-428F-9483-F3975C0A0AA3}.Release|Any CPU.Build.0 = Release|Any CPU
		{396F997C-22D7-4E0A-B445-A6035BDBF6A3}.Debug|Any CPU.ActiveCfg = Debug|Any CPU
		{396F997C-22D7-4E0A-B445-A6035BDBF6A3}.Debug|Any CPU.Build.0 = Debug|Any CPU
		{396F997C-22D7-4E0A-B445-A6035BDBF6A3}.Release|Any CPU.ActiveCfg = Release|Any CPU
		{396F997C-22D7-4E0A-B445-A6035BDBF6A3}.Release|Any CPU.Build.0 = Release|Any CPU
		{1F393499-E2B6-476F-A93B-E90014388B9C}.Debug|Any CPU.ActiveCfg = Debug|Any CPU
		{1F393499-E2B6-476F-A93B-E90014388B9C}.Debug|Any CPU.Build.0 = Debug|Any CPU
		{1F393499-E2B6-476F-A93B-E90014388B9C}.Release|Any CPU.ActiveCfg = Release|Any CPU
		{1F393499-E2B6-476F-A93B-E90014388B9C}.Release|Any CPU.Build.0 = Release|Any CPU
		{BA3EF47A-1E1F-4FDC-A59D-9516754DEDB7}.Debug|Any CPU.ActiveCfg = Debug|Any CPU
		{BA3EF47A-1E1F-4FDC-A59D-9516754DEDB7}.Debug|Any CPU.Build.0 = Debug|Any CPU
		{BA3EF47A-1E1F-4FDC-A59D-9516754DEDB7}.Release|Any CPU.ActiveCfg = Release|Any CPU
		{BA3EF47A-1E1F-4FDC-A59D-9516754DEDB7}.Release|Any CPU.Build.0 = Release|Any CPU
	EndGlobalSection
EndGlobal
